
Microsoft Visual Studio Solution File, Format Version 12.00
# Visual Studio 15
VisualStudioVersion = 15.0.28307.852
MinimumVisualStudioVersion = 10.0.40219.1
Project("{FAE04EC0-301F-11D3-BF4B-00C04F79EFBC}") = "MyCompetence.domain", "MyCompetence.Domain\MyCompetence.domain.csproj", "{5EF6B716-69D8-48CD-B503-5E14AE5F768F}"
EndProject
Project("{FAE04EC0-301F-11D3-BF4B-00C04F79EFBC}") = "MyCompetence.service", "MyCompetence.service\MyCompetence.service.csproj", "{29C54685-7FE4-4500-A9CF-15E1472FFD6C}"
EndProject
Project("{FAE04EC0-301F-11D3-BF4B-00C04F79EFBC}") = "MyCompetence.ServicePattern", "MyCompetence.ServicePattern\MyCompetence.ServicePattern.csproj", "{C07F8622-AE8B-4808-8E40-A0401813E81F}"
EndProject
Project("{FAE04EC0-301F-11D3-BF4B-00C04F79EFBC}") = "MVCConsumeWebApiCompetence", "MVCConsumeWebApiCompetence\MVCConsumeWebApiCompetence.csproj", "{73F4CE8B-5A50-40EB-9F3E-A4ABAED9E78A}"
EndProject
Project("{FAE04EC0-301F-11D3-BF4B-00C04F79EFBC}") = "MyCompetence.web", "MyCompetence.web\MyCompetence.web.csproj", "{8BFE7EE6-FE32-4764-ABA6-BFA477D2C75B}"
EndProject
Project("{FAE04EC0-301F-11D3-BF4B-00C04F79EFBC}") = "MyCompetence.console", "MyCompetence.console\MyCompetence.console.csproj", "{79D48DCD-4474-4763-8F0D-306AE1DAFD2F}"
EndProject
Project("{FAE04EC0-301F-11D3-BF4B-00C04F79EFBC}") = "MyCompetence.data", "MyCompetence.data\MyCompetence.data.csproj", "{7D4484A9-4915-447C-976F-4B2AAB6EED3A}"
EndProject
Global
	GlobalSection(SolutionConfigurationPlatforms) = preSolution
		Debug|Any CPU = Debug|Any CPU
		Release|Any CPU = Release|Any CPU
	EndGlobalSection
	GlobalSection(ProjectConfigurationPlatforms) = postSolution
		{5EF6B716-69D8-48CD-B503-5E14AE5F768F}.Debug|Any CPU.ActiveCfg = Debug|Any CPU
		{5EF6B716-69D8-48CD-B503-5E14AE5F768F}.Debug|Any CPU.Build.0 = Debug|Any CPU
		{5EF6B716-69D8-48CD-B503-5E14AE5F768F}.Release|Any CPU.ActiveCfg = Release|Any CPU
		{5EF6B716-69D8-48CD-B503-5E14AE5F768F}.Release|Any CPU.Build.0 = Release|Any CPU
		{29C54685-7FE4-4500-A9CF-15E1472FFD6C}.Debug|Any CPU.ActiveCfg = Debug|Any CPU
		{29C54685-7FE4-4500-A9CF-15E1472FFD6C}.Debug|Any CPU.Build.0 = Debug|Any CPU
		{29C54685-7FE4-4500-A9CF-15E1472FFD6C}.Release|Any CPU.ActiveCfg = Release|Any CPU
		{29C54685-7FE4-4500-A9CF-15E1472FFD6C}.Release|Any CPU.Build.0 = Release|Any CPU
		{C07F8622-AE8B-4808-8E40-A0401813E81F}.Debug|Any CPU.ActiveCfg = Debug|Any CPU
		{C07F8622-AE8B-4808-8E40-A0401813E81F}.Debug|Any CPU.Build.0 = Debug|Any CPU
		{C07F8622-AE8B-4808-8E40-A0401813E81F}.Release|Any CPU.ActiveCfg = Release|Any CPU
		{C07F8622-AE8B-4808-8E40-A0401813E81F}.Release|Any CPU.Build.0 = Release|Any CPU
		{73F4CE8B-5A50-40EB-9F3E-A4ABAED9E78A}.Debug|Any CPU.ActiveCfg = Debug|Any CPU
		{73F4CE8B-5A50-40EB-9F3E-A4ABAED9E78A}.Debug|Any CPU.Build.0 = Debug|Any CPU
		{73F4CE8B-5A50-40EB-9F3E-A4ABAED9E78A}.Release|Any CPU.ActiveCfg = Release|Any CPU
		{73F4CE8B-5A50-40EB-9F3E-A4ABAED9E78A}.Release|Any CPU.Build.0 = Release|Any CPU
		{8BFE7EE6-FE32-4764-ABA6-BFA477D2C75B}.Debug|Any CPU.ActiveCfg = Debug|Any CPU
		{8BFE7EE6-FE32-4764-ABA6-BFA477D2C75B}.Debug|Any CPU.Build.0 = Debug|Any CPU
		{8BFE7EE6-FE32-4764-ABA6-BFA477D2C75B}.Release|Any CPU.ActiveCfg = Release|Any CPU
		{8BFE7EE6-FE32-4764-ABA6-BFA477D2C75B}.Release|Any CPU.Build.0 = Release|Any CPU
		{79D48DCD-4474-4763-8F0D-306AE1DAFD2F}.Debug|Any CPU.ActiveCfg = Debug|Any CPU
		{79D48DCD-4474-4763-8F0D-306AE1DAFD2F}.Debug|Any CPU.Build.0 = Debug|Any CPU
		{79D48DCD-4474-4763-8F0D-306AE1DAFD2F}.Release|Any CPU.ActiveCfg = Release|Any CPU
		{79D48DCD-4474-4763-8F0D-306AE1DAFD2F}.Release|Any CPU.Build.0 = Release|Any CPU
		{7D4484A9-4915-447C-976F-4B2AAB6EED3A}.Debug|Any CPU.ActiveCfg = Debug|Any CPU
		{7D4484A9-4915-447C-976F-4B2AAB6EED3A}.Debug|Any CPU.Build.0 = Debug|Any CPU
		{7D4484A9-4915-447C-976F-4B2AAB6EED3A}.Release|Any CPU.ActiveCfg = Release|Any CPU
		{7D4484A9-4915-447C-976F-4B2AAB6EED3A}.Release|Any CPU.Build.0 = Release|Any CPU
	EndGlobalSection
	GlobalSection(SolutionProperties) = preSolution
		HideSolutionNode = FALSE
	EndGlobalSection
	GlobalSection(ExtensibilityGlobals) = postSolution
		SolutionGuid = {8590B117-7A61-4C2A-8895-2897B48D6D2D}
	EndGlobalSection
EndGlobal
