
Microsoft Visual Studio Solution File, Format Version 12.00
# Visual Studio 15
VisualStudioVersion = 15.0.28307.852
MinimumVisualStudioVersion = 10.0.40219.1
Project("{FAE04EC0-301F-11D3-BF4B-00C04F79EFBC}") = "MyTimesheet.Console", "MyTimesheet.Console\MyTimesheet.Console.csproj", "{BE529ABF-3A7F-44AA-8E82-90B2CACCC8EA}"
EndProject
Project("{FAE04EC0-301F-11D3-BF4B-00C04F79EFBC}") = "MyTimesheet.Data", "MyTimesheet.Data\MyTimesheet.Data.csproj", "{065FB152-04CD-4C2C-9BA7-231634B0C003}"
EndProject
Project("{FAE04EC0-301F-11D3-BF4B-00C04F79EFBC}") = "MyTimesheet.Domain", "MyTimesheet.Domain\MyTimesheet.Domain.csproj", "{43735176-7A28-4B5D-9A65-A659776964FE}"
EndProject
Project("{FAE04EC0-301F-11D3-BF4B-00C04F79EFBC}") = "MyTimesheet.Service", "MyTimesheet.Service\MyTimesheet.Service.csproj", "{668518A0-57F0-465B-8B64-F1AD864D1672}"
EndProject
Project("{FAE04EC0-301F-11D3-BF4B-00C04F79EFBC}") = "MyTimesheet.ServicePattern", "MyTimesheet.ServicePattern\MyTimesheet.ServicePattern.csproj", "{79BD2746-B82E-4F61-A3C7-8BBF31D08A73}"
EndProject
Project("{FAE04EC0-301F-11D3-BF4B-00C04F79EFBC}") = "MyTimesheet.Web", "MyTimesheet.Web\MyTimesheet.Web.csproj", "{C97FD825-CDE7-4D93-A7BD-DBB53061D1E4}"
EndProject
Global
	GlobalSection(SolutionConfigurationPlatforms) = preSolution
		Debug|Any CPU = Debug|Any CPU
		Release|Any CPU = Release|Any CPU
	EndGlobalSection
	GlobalSection(ProjectConfigurationPlatforms) = postSolution
		{BE529ABF-3A7F-44AA-8E82-90B2CACCC8EA}.Debug|Any CPU.ActiveCfg = Debug|Any CPU
		{BE529ABF-3A7F-44AA-8E82-90B2CACCC8EA}.Debug|Any CPU.Build.0 = Debug|Any CPU
		{BE529ABF-3A7F-44AA-8E82-90B2CACCC8EA}.Release|Any CPU.ActiveCfg = Release|Any CPU
		{BE529ABF-3A7F-44AA-8E82-90B2CACCC8EA}.Release|Any CPU.Build.0 = Release|Any CPU
		{065FB152-04CD-4C2C-9BA7-231634B0C003}.Debug|Any CPU.ActiveCfg = Debug|Any CPU
		{065FB152-04CD-4C2C-9BA7-231634B0C003}.Debug|Any CPU.Build.0 = Debug|Any CPU
		{065FB152-04CD-4C2C-9BA7-231634B0C003}.Release|Any CPU.ActiveCfg = Release|Any CPU
		{065FB152-04CD-4C2C-9BA7-231634B0C003}.Release|Any CPU.Build.0 = Release|Any CPU
		{43735176-7A28-4B5D-9A65-A659776964FE}.Debug|Any CPU.ActiveCfg = Debug|Any CPU
		{43735176-7A28-4B5D-9A65-A659776964FE}.Debug|Any CPU.Build.0 = Debug|Any CPU
		{43735176-7A28-4B5D-9A65-A659776964FE}.Release|Any CPU.ActiveCfg = Release|Any CPU
		{43735176-7A28-4B5D-9A65-A659776964FE}.Release|Any CPU.Build.0 = Release|Any CPU
		{668518A0-57F0-465B-8B64-F1AD864D1672}.Debug|Any CPU.ActiveCfg = Debug|Any CPU
		{668518A0-57F0-465B-8B64-F1AD864D1672}.Debug|Any CPU.Build.0 = Debug|Any CPU
		{668518A0-57F0-465B-8B64-F1AD864D1672}.Release|Any CPU.ActiveCfg = Release|Any CPU
		{668518A0-57F0-465B-8B64-F1AD864D1672}.Release|Any CPU.Build.0 = Release|Any CPU
		{79BD2746-B82E-4F61-A3C7-8BBF31D08A73}.Debug|Any CPU.ActiveCfg = Debug|Any CPU
		{79BD2746-B82E-4F61-A3C7-8BBF31D08A73}.Debug|Any CPU.Build.0 = Debug|Any CPU
		{79BD2746-B82E-4F61-A3C7-8BBF31D08A73}.Release|Any CPU.ActiveCfg = Release|Any CPU
		{79BD2746-B82E-4F61-A3C7-8BBF31D08A73}.Release|Any CPU.Build.0 = Release|Any CPU
		{C97FD825-CDE7-4D93-A7BD-DBB53061D1E4}.Debug|Any CPU.ActiveCfg = Debug|Any CPU
		{C97FD825-CDE7-4D93-A7BD-DBB53061D1E4}.Debug|Any CPU.Build.0 = Debug|Any CPU
		{C97FD825-CDE7-4D93-A7BD-DBB53061D1E4}.Release|Any CPU.ActiveCfg = Release|Any CPU
		{C97FD825-CDE7-4D93-A7BD-DBB53061D1E4}.Release|Any CPU.Build.0 = Release|Any CPU
	EndGlobalSection
	GlobalSection(SolutionProperties) = preSolution
		HideSolutionNode = FALSE
	EndGlobalSection
	GlobalSection(ExtensibilityGlobals) = postSolution
		SolutionGuid = {DF09E018-1627-4FF3-8062-864C223EE56A}
	EndGlobalSection
EndGlobal
